
Microsoft Visual Studio Solution File, Format Version 12.00
# Visual Studio Version 17
VisualStudioVersion = 17.4.33213.308
MinimumVisualStudioVersion = 10.0.40219.1
Project("{9A19103F-16F7-4668-BE54-9A1E7A4F7556}") = "ObjectMetaDataTagging.Api", "ObjectMetaDataTagging.Api\ObjectMetaDataTagging.Api.csproj", "{DB9AFB9D-D573-4195-A419-155BFB41E0AB}"
EndProject
Global
	GlobalSection(SolutionConfigurationPlatforms) = preSolution
		Debug|Any CPU = Debug|Any CPU
		Release|Any CPU = Release|Any CPU
	EndGlobalSection
	GlobalSection(ProjectConfigurationPlatforms) = postSolution
		{DB9AFB9D-D573-4195-A419-155BFB41E0AB}.Debug|Any CPU.ActiveCfg = Debug|Any CPU
		{DB9AFB9D-D573-4195-A419-155BFB41E0AB}.Debug|Any CPU.Build.0 = Debug|Any CPU
		{DB9AFB9D-D573-4195-A419-155BFB41E0AB}.Release|Any CPU.ActiveCfg = Release|Any CPU
		{DB9AFB9D-D573-4195-A419-155BFB41E0AB}.Release|Any CPU.Build.0 = Release|Any CPU
	EndGlobalSection
	GlobalSection(SolutionProperties) = preSolution
		HideSolutionNode = FALSE
	EndGlobalSection
	GlobalSection(ExtensibilityGlobals) = postSolution
		SolutionGuid = {44A63CBC-A67D-4EE1-A38B-E818DD5F8AFE}
	EndGlobalSection
EndGlobal
